// !$*UTF8*$!
{
	archiveVersion = 1;
	classes = {
	};
	objectVersion = 46;
	objects = {

/* Begin PBXBuildFile section */
		724975E615E24B8A00114F86 /* UIKit.framework in Frameworks */ = {isa = PBXBuildFile; fileRef = 724975E515E24B8A00114F86 /* UIKit.framework */; };
		724975E815E24B8A00114F86 /* Foundation.framework in Frameworks */ = {isa = PBXBuildFile; fileRef = 724975E715E24B8A00114F86 /* Foundation.framework */; };
		724975EA15E24B8A00114F86 /* CoreGraphics.framework in Frameworks */ = {isa = PBXBuildFile; fileRef = 724975E915E24B8A00114F86 /* CoreGraphics.framework */; };
		724975F015E24B8A00114F86 /* InfoPlist.strings in Resources */ = {isa = PBXBuildFile; fileRef = 724975EE15E24B8A00114F86 /* InfoPlist.strings */; };
		724975F215E24B8A00114F86 /* main.m in Sources */ = {isa = PBXBuildFile; fileRef = 724975F115E24B8A00114F86 /* main.m */; };
		724975F615E24B8A00114F86 /* AppDelegate.m in Sources */ = {isa = PBXBuildFile; fileRef = 724975F515E24B8A00114F86 /* AppDelegate.m */; };
		724975F915E24B8A00114F86 /* MainStoryboard.storyboard in Resources */ = {isa = PBXBuildFile; fileRef = 724975F715E24B8A00114F86 /* MainStoryboard.storyboard */; };
		724975FC15E24B8A00114F86 /* ViewController.m in Sources */ = {isa = PBXBuildFile; fileRef = 724975FB15E24B8A00114F86 /* ViewController.m */; };
		7249760415E24B8B00114F86 /* SenTestingKit.framework in Frameworks */ = {isa = PBXBuildFile; fileRef = 7249760315E24B8B00114F86 /* SenTestingKit.framework */; };
		7249760515E24B8B00114F86 /* UIKit.framework in Frameworks */ = {isa = PBXBuildFile; fileRef = 724975E515E24B8A00114F86 /* UIKit.framework */; };
		7249760615E24B8B00114F86 /* Foundation.framework in Frameworks */ = {isa = PBXBuildFile; fileRef = 724975E715E24B8A00114F86 /* Foundation.framework */; };
		7249760E15E24B8B00114F86 /* InfoPlist.strings in Resources */ = {isa = PBXBuildFile; fileRef = 7249760C15E24B8B00114F86 /* InfoPlist.strings */; };
		7249761115E24B8B00114F86 /* testTests.m in Sources */ = {isa = PBXBuildFile; fileRef = 7249761015E24B8B00114F86 /* testTests.m */; };
/* End PBXBuildFile section */

/* Begin PBXContainerItemProxy section */
		7249760715E24B8B00114F86 /* PBXContainerItemProxy */ = {
			isa = PBXContainerItemProxy;
			containerPortal = 724975D815E24B8A00114F86 /* Project object */;
			proxyType = 1;
			remoteGlobalIDString = 724975E015E24B8A00114F86;
			remoteInfo = test;
		};
/* End PBXContainerItemProxy section */

/* Begin PBXFileReference section */
		724975E115E24B8A00114F86 /* test.app */ = {isa = PBXFileReference; explicitFileType = wrapper.application; includeInIndex = 0; path = test.app; sourceTree = BUILT_PRODUCTS_DIR; };
		724975E515E24B8A00114F86 /* UIKit.framework */ = {isa = PBXFileReference; lastKnownFileType = wrapper.framework; name = UIKit.framework; path = System/Library/Frameworks/UIKit.framework; sourceTree = SDKROOT; };
		724975E715E24B8A00114F86 /* Foundation.framework */ = {isa = PBXFileReference; lastKnownFileType = wrapper.framework; name = Foundation.framework; path = System/Library/Frameworks/Foundation.framework; sourceTree = SDKROOT; };
		724975E915E24B8A00114F86 /* CoreGraphics.framework */ = {isa = PBXFileReference; lastKnownFileType = wrapper.framework; name = CoreGraphics.framework; path = System/Library/Frameworks/CoreGraphics.framework; sourceTree = SDKROOT; };
		724975ED15E24B8A00114F86 /* test-Info.plist */ = {isa = PBXFileReference; lastKnownFileType = text.plist.xml; path = "test-Info.plist"; sourceTree = "<group>"; };
		724975EF15E24B8A00114F86 /* en */ = {isa = PBXFileReference; lastKnownFileType = text.plist.strings; name = en; path = en.lproj/InfoPlist.strings; sourceTree = "<group>"; };
		724975F115E24B8A00114F86 /* main.m */ = {isa = PBXFileReference; lastKnownFileType = sourcecode.c.objc; path = main.m; sourceTree = "<group>"; };
		724975F315E24B8A00114F86 /* test-Prefix.pch */ = {isa = PBXFileReference; lastKnownFileType = sourcecode.c.h; path = "test-Prefix.pch"; sourceTree = "<group>"; };
		724975F415E24B8A00114F86 /* AppDelegate.h */ = {isa = PBXFileReference; lastKnownFileType = sourcecode.c.h; path = AppDelegate.h; sourceTree = "<group>"; };
		724975F515E24B8A00114F86 /* AppDelegate.m */ = {isa = PBXFileReference; lastKnownFileType = sourcecode.c.objc; path = AppDelegate.m; sourceTree = "<group>"; };
		724975F815E24B8A00114F86 /* en */ = {isa = PBXFileReference; lastKnownFileType = file.storyboard; name = en; path = en.lproj/MainStoryboard.storyboard; sourceTree = "<group>"; };
		724975FA15E24B8A00114F86 /* ViewController.h */ = {isa = PBXFileReference; lastKnownFileType = sourcecode.c.h; path = ViewController.h; sourceTree = "<group>"; };
		724975FB15E24B8A00114F86 /* ViewController.m */ = {isa = PBXFileReference; lastKnownFileType = sourcecode.c.objc; path = ViewController.m; sourceTree = "<group>"; };
		7249760215E24B8B00114F86 /* testTests.octest */ = {isa = PBXFileReference; explicitFileType = wrapper.cfbundle; includeInIndex = 0; path = testTests.octest; sourceTree = BUILT_PRODUCTS_DIR; };
		7249760315E24B8B00114F86 /* SenTestingKit.framework */ = {isa = PBXFileReference; lastKnownFileType = wrapper.framework; name = SenTestingKit.framework; path = Library/Frameworks/SenTestingKit.framework; sourceTree = DEVELOPER_DIR; };
		7249760B15E24B8B00114F86 /* testTests-Info.plist */ = {isa = PBXFileReference; lastKnownFileType = text.plist.xml; path = "testTests-Info.plist"; sourceTree = "<group>"; };
		7249760D15E24B8B00114F86 /* en */ = {isa = PBXFileReference; lastKnownFileType = text.plist.strings; name = en; path = en.lproj/InfoPlist.strings; sourceTree = "<group>"; };
		7249760F15E24B8B00114F86 /* testTests.h */ = {isa = PBXFileReference; lastKnownFileType = sourcecode.c.h; path = testTests.h; sourceTree = "<group>"; };
		7249761015E24B8B00114F86 /* testTests.m */ = {isa = PBXFileReference; lastKnownFileType = sourcecode.c.objc; path = testTests.m; sourceTree = "<group>"; };
/* End PBXFileReference section */

/* Begin PBXFrameworksBuildPhase section */
		724975DE15E24B8A00114F86 /* Frameworks */ = {
			isa = PBXFrameworksBuildPhase;
			buildActionMask = 2147483647;
			files = (
				724975E615E24B8A00114F86 /* UIKit.framework in Frameworks */,
				724975E815E24B8A00114F86 /* Foundation.framework in Frameworks */,
				724975EA15E24B8A00114F86 /* CoreGraphics.framework in Frameworks */,
			);
			runOnlyForDeploymentPostprocessing = 0;
		};
		724975FE15E24B8A00114F86 /* Frameworks */ = {
			isa = PBXFrameworksBuildPhase;
			buildActionMask = 2147483647;
			files = (
				7249760415E24B8B00114F86 /* SenTestingKit.framework in Frameworks */,
				7249760515E24B8B00114F86 /* UIKit.framework in Frameworks */,
				7249760615E24B8B00114F86 /* Foundation.framework in Frameworks */,
			);
			runOnlyForDeploymentPostprocessing = 0;
		};
/* End PBXFrameworksBuildPhase section */

/* Begin PBXGroup section */
		724975D615E24B8A00114F86 = {
			isa = PBXGroup;
			children = (
				724975EB15E24B8A00114F86 /* test */,
				7249760915E24B8B00114F86 /* testTests */,
				724975E415E24B8A00114F86 /* Frameworks */,
				724975E215E24B8A00114F86 /* Products */,
			);
			sourceTree = "<group>";
		};
		724975E215E24B8A00114F86 /* Products */ = {
			isa = PBXGroup;
			children = (
				724975E115E24B8A00114F86 /* test.app */,
				7249760215E24B8B00114F86 /* testTests.octest */,
			);
			name = Products;
			sourceTree = "<group>";
		};
		724975E415E24B8A00114F86 /* Frameworks */ = {
			isa = PBXGroup;
			children = (
				724975E515E24B8A00114F86 /* UIKit.framework */,
				724975E715E24B8A00114F86 /* Foundation.framework */,
				724975E915E24B8A00114F86 /* CoreGraphics.framework */,
				7249760315E24B8B00114F86 /* SenTestingKit.framework */,
			);
			name = Frameworks;
			sourceTree = "<group>";
		};
		724975EB15E24B8A00114F86 /* test */ = {
			isa = PBXGroup;
			children = (
				724975F415E24B8A00114F86 /* AppDelegate.h */,
				724975F515E24B8A00114F86 /* AppDelegate.m */,
				724975F715E24B8A00114F86 /* MainStoryboard.storyboard */,
				724975FA15E24B8A00114F86 /* ViewController.h */,
				724975FB15E24B8A00114F86 /* ViewController.m */,
				724975EC15E24B8A00114F86 /* Supporting Files */,
			);
			path = test;
			sourceTree = "<group>";
		};
		724975EC15E24B8A00114F86 /* Supporting Files */ = {
			isa = PBXGroup;
			children = (
				724975ED15E24B8A00114F86 /* test-Info.plist */,
				724975EE15E24B8A00114F86 /* InfoPlist.strings */,
				724975F115E24B8A00114F86 /* main.m */,
				724975F315E24B8A00114F86 /* test-Prefix.pch */,
			);
			name = "Supporting Files";
			sourceTree = "<group>";
		};
		7249760915E24B8B00114F86 /* testTests */ = {
			isa = PBXGroup;
			children = (
				7249760F15E24B8B00114F86 /* testTests.h */,
				7249761015E24B8B00114F86 /* testTests.m */,
				7249760A15E24B8B00114F86 /* Supporting Files */,
			);
			path = testTests;
			sourceTree = "<group>";
		};
		7249760A15E24B8B00114F86 /* Supporting Files */ = {
			isa = PBXGroup;
			children = (
				7249760B15E24B8B00114F86 /* testTests-Info.plist */,
				7249760C15E24B8B00114F86 /* InfoPlist.strings */,
			);
			name = "Supporting Files";
			sourceTree = "<group>";
		};
/* End PBXGroup section */

/* Begin PBXNativeTarget section */
		724975E015E24B8A00114F86 /* test */ = {
			isa = PBXNativeTarget;
			buildConfigurationList = 7249761415E24B8B00114F86 /* Build configuration list for PBXNativeTarget "test" */;
			buildPhases = (
				724975DD15E24B8A00114F86 /* Sources */,
				724975DE15E24B8A00114F86 /* Frameworks */,
				724975DF15E24B8A00114F86 /* Resources */,
			);
			buildRules = (
			);
			dependencies = (
			);
			name = test;
			productName = test;
			productReference = 724975E115E24B8A00114F86 /* test.app */;
			productType = "com.apple.product-type.application";
		};
		7249760115E24B8A00114F86 /* testTests */ = {
			isa = PBXNativeTarget;
			buildConfigurationList = 7249761715E24B8B00114F86 /* Build configuration list for PBXNativeTarget "testTests" */;
			buildPhases = (
				724975FD15E24B8A00114F86 /* Sources */,
				724975FE15E24B8A00114F86 /* Frameworks */,
				724975FF15E24B8A00114F86 /* Resources */,
				7249760015E24B8A00114F86 /* ShellScript */,
			);
			buildRules = (
			);
			dependencies = (
				7249760815E24B8B00114F86 /* PBXTargetDependency */,
			);
			name = testTests;
			productName = testTests;
			productReference = 7249760215E24B8B00114F86 /* testTests.octest */;
			productType = "com.apple.product-type.bundle";
		};
/* End PBXNativeTarget section */

/* Begin PBXProject section */
		724975D815E24B8A00114F86 /* Project object */ = {
			isa = PBXProject;
			attributes = {
				LastUpgradeCheck = 0440;
				ORGANIZATIONNAME = "Ahmed Fakhra";
			};
			buildConfigurationList = 724975DB15E24B8A00114F86 /* Build configuration list for PBXProject "test" */;
			compatibilityVersion = "Xcode 3.2";
			developmentRegion = English;
			hasScannedForEncodings = 0;
			knownRegions = (
				en,
			);
			mainGroup = 724975D615E24B8A00114F86;
			productRefGroup = 724975E215E24B8A00114F86 /* Products */;
			projectDirPath = "";
			projectRoot = "";
			targets = (
				724975E015E24B8A00114F86 /* test */,
				7249760115E24B8A00114F86 /* testTests */,
			);
		};
/* End PBXProject section */

/* Begin PBXResourcesBuildPhase section */
		724975DF15E24B8A00114F86 /* Resources */ = {
			isa = PBXResourcesBuildPhase;
			buildActionMask = 2147483647;
			files = (
				724975F015E24B8A00114F86 /* InfoPlist.strings in Resources */,
				724975F915E24B8A00114F86 /* MainStoryboard.storyboard in Resources */,
			);
			runOnlyForDeploymentPostprocessing = 0;
		};
		724975FF15E24B8A00114F86 /* Resources */ = {
			isa = PBXResourcesBuildPhase;
			buildActionMask = 2147483647;
			files = (
				7249760E15E24B8B00114F86 /* InfoPlist.strings in Resources */,
			);
			runOnlyForDeploymentPostprocessing = 0;
		};
/* End PBXResourcesBuildPhase section */

/* Begin PBXShellScriptBuildPhase section */
		7249760015E24B8A00114F86 /* ShellScript */ = {
			isa = PBXShellScriptBuildPhase;
			buildActionMask = 2147483647;
			files = (
			);
			inputPaths = (
			);
			outputPaths = (
			);
			runOnlyForDeploymentPostprocessing = 0;
			shellPath = /bin/sh;
			shellScript = "# Run the unit tests in this test bundle.\n\"${SYSTEM_DEVELOPER_DIR}/Tools/RunUnitTests\"\n";
		};
/* End PBXShellScriptBuildPhase section */

/* Begin PBXSourcesBuildPhase section */
		724975DD15E24B8A00114F86 /* Sources */ = {
			isa = PBXSourcesBuildPhase;
			buildActionMask = 2147483647;
			files = (
				724975F215E24B8A00114F86 /* main.m in Sources */,
				724975F615E24B8A00114F86 /* AppDelegate.m in Sources */,
				724975FC15E24B8A00114F86 /* ViewController.m in Sources */,
			);
			runOnlyForDeploymentPostprocessing = 0;
		};
		724975FD15E24B8A00114F86 /* Sources */ = {
			isa = PBXSourcesBuildPhase;
			buildActionMask = 2147483647;
			files = (
				7249761115E24B8B00114F86 /* testTests.m in Sources */,
			);
			runOnlyForDeploymentPostprocessing = 0;
		};
/* End PBXSourcesBuildPhase section */

/* Begin PBXTargetDependency section */
		7249760815E24B8B00114F86 /* PBXTargetDependency */ = {
			isa = PBXTargetDependency;
			target = 724975E015E24B8A00114F86 /* test */;
			targetProxy = 7249760715E24B8B00114F86 /* PBXContainerItemProxy */;
		};
/* End PBXTargetDependency section */

/* Begin PBXVariantGroup section */
		724975EE15E24B8A00114F86 /* InfoPlist.strings */ = {
			isa = PBXVariantGroup;
			children = (
				724975EF15E24B8A00114F86 /* en */,
			);
			name = InfoPlist.strings;
			sourceTree = "<group>";
		};
		724975F715E24B8A00114F86 /* MainStoryboard.storyboard */ = {
			isa = PBXVariantGroup;
			children = (
				724975F815E24B8A00114F86 /* en */,
			);
			name = MainStoryboard.storyboard;
			sourceTree = "<group>";
		};
		7249760C15E24B8B00114F86 /* InfoPlist.strings */ = {
			isa = PBXVariantGroup;
			children = (
				7249760D15E24B8B00114F86 /* en */,
			);
			name = InfoPlist.strings;
			sourceTree = "<group>";
		};
/* End PBXVariantGroup section */

/* Begin XCBuildConfiguration section */
		7249761215E24B8B00114F86 /* Debug */ = {
			isa = XCBuildConfiguration;
			buildSettings = {
				ALWAYS_SEARCH_USER_PATHS = NO;
				ARCHS = "$(ARCHS_STANDARD_32_BIT)";
				CLANG_CXX_LANGUAGE_STANDARD = "gnu++0x";
				CLANG_ENABLE_OBJC_ARC = YES;
				CLANG_WARN__DUPLICATE_METHOD_MATCH = YES;
				"CODE_SIGN_IDENTITY[sdk=iphoneos*]" = "iPhone Developer";
				COPY_PHASE_STRIP = NO;
				GCC_C_LANGUAGE_STANDARD = gnu99;
				GCC_DYNAMIC_NO_PIC = NO;
				GCC_OPTIMIZATION_LEVEL = 0;
				GCC_PREPROCESSOR_DEFINITIONS = (
					"DEBUG=1",
					"$(inherited)",
				);
				GCC_SYMBOLS_PRIVATE_EXTERN = NO;
				GCC_VERSION = com.apple.compilers.llvm.clang.1_0;
				GCC_WARN_ABOUT_RETURN_TYPE = YES;
				GCC_WARN_UNINITIALIZED_AUTOS = YES;
				GCC_WARN_UNUSED_VARIABLE = YES;
				IPHONEOS_DEPLOYMENT_TARGET = 5.1;
				SDKROOT = iphoneos;
			};
			name = Debug;
		};
		7249761315E24B8B00114F86 /* Release */ = {
			isa = XCBuildConfiguration;
			buildSettings = {
				ALWAYS_SEARCH_USER_PATHS = NO;
				ARCHS = "$(ARCHS_STANDARD_32_BIT)";
				CLANG_CXX_LANGUAGE_STANDARD = "gnu++0x";
				CLANG_ENABLE_OBJC_ARC = YES;
				CLANG_WARN__DUPLICATE_METHOD_MATCH = YES;
				"CODE_SIGN_IDENTITY[sdk=iphoneos*]" = "iPhone Developer";
				COPY_PHASE_STRIP = YES;
				GCC_C_LANGUAGE_STANDARD = gnu99;
				GCC_VERSION = com.apple.compilers.llvm.clang.1_0;
				GCC_WARN_ABOUT_RETURN_TYPE = YES;
				GCC_WARN_UNINITIALIZED_AUTOS = YES;
				GCC_WARN_UNUSED_VARIABLE = YES;
				IPHONEOS_DEPLOYMENT_TARGET = 5.1;
				OTHER_CFLAGS = "-DNS_BLOCK_ASSERTIONS=1";
				SDKROOT = iphoneos;
				VALIDATE_PRODUCT = YES;
			};
			name = Release;
		};
		7249761515E24B8B00114F86 /* Debug */ = {
			isa = XCBuildConfiguration;
			buildSettings = {
				GCC_PRECOMPILE_PREFIX_HEADER = YES;
				GCC_PREFIX_HEADER = "test/test-Prefix.pch";
				INFOPLIST_FILE = "test/test-Info.plist";
				PRODUCT_NAME = "$(TARGET_NAME)";
				WRAPPER_EXTENSION = app;
			};
			name = Debug;
		};
		7249761615E24B8B00114F86 /* Release */ = {
			isa = XCBuildConfiguration;
			buildSettings = {
				GCC_PRECOMPILE_PREFIX_HEADER = YES;
				GCC_PREFIX_HEADER = "test/test-Prefix.pch";
				INFOPLIST_FILE = "test/test-Info.plist";
				PRODUCT_NAME = "$(TARGET_NAME)";
				WRAPPER_EXTENSION = app;
			};
			name = Release;
		};
		7249761815E24B8B00114F86 /* Debug */ = {
			isa = XCBuildConfiguration;
			buildSettings = {
				BUNDLE_LOADER = "$(BUILT_PRODUCTS_DIR)/test.app/test";
				FRAMEWORK_SEARCH_PATHS = (
					"\"$(SDKROOT)/Developer/Library/Frameworks\"",
					"\"$(DEVELOPER_LIBRARY_DIR)/Frameworks\"",
				);
				GCC_PRECOMPILE_PREFIX_HEADER = YES;
				GCC_PREFIX_HEADER = "test/test-Prefix.pch";
				INFOPLIST_FILE = "testTests/testTests-Info.plist";
				PRODUCT_NAME = "$(TARGET_NAME)";
				TEST_HOST = "$(BUNDLE_LOADER)";
				WRAPPER_EXTENSION = octest;
			};
			name = Debug;
		};
		7249761915E24B8B00114F86 /* Release */ = {
			isa = XCBuildConfiguration;
			buildSettings = {
				BUNDLE_LOADER = "$(BUILT_PRODUCTS_DIR)/test.app/test";
				FRAMEWORK_SEARCH_PATHS = (
					"\"$(SDKROOT)/Developer/Library/Frameworks\"",
					"\"$(DEVELOPER_LIBRARY_DIR)/Frameworks\"",
				);
				GCC_PRECOMPILE_PREFIX_HEADER = YES;
				GCC_PREFIX_HEADER = "test/test-Prefix.pch";
				INFOPLIST_FILE = "testTests/testTests-Info.plist";
				PRODUCT_NAME = "$(TARGET_NAME)";
				TEST_HOST = "$(BUNDLE_LOADER)";
				WRAPPER_EXTENSION = octest;
			};
			name = Release;
		};
/* End XCBuildConfiguration section */

/* Begin XCConfigurationList section */
		724975DB15E24B8A00114F86 /* Build configuration list for PBXProject "test" */ = {
			isa = XCConfigurationList;
			buildConfigurations = (
				7249761215E24B8B00114F86 /* Debug */,
				7249761315E24B8B00114F86 /* Release */,
			);
			defaultConfigurationIsVisible = 0;
			defaultConfigurationName = Release;
		};
		7249761415E24B8B00114F86 /* Build configuration list for PBXNativeTarget "test" */ = {
			isa = XCConfigurationList;
			buildConfigurations = (
				7249761515E24B8B00114F86 /* Debug */,
				7249761615E24B8B00114F86 /* Release */,
			);
			defaultConfigurationIsVisible = 0;
		};
		7249761715E24B8B00114F86 /* Build configuration list for PBXNativeTarget "testTests" */ = {
			isa = XCConfigurationList;
			buildConfigurations = (
				7249761815E24B8B00114F86 /* Debug */,
				7249761915E24B8B00114F86 /* Release */,
			);
			defaultConfigurationIsVisible = 0;
		};
/* End XCConfigurationList section */
	};
	rootObject = 724975D815E24B8A00114F86 /* Project object */;
}
